
Microsoft Visual Studio Solution File, Format Version 12.00
# Visual Studio Version 16
VisualStudioVersion = 16.0.32002.261
MinimumVisualStudioVersion = 10.0.40219.1
Project("{FAE04EC0-301F-11D3-BF4B-00C04F79EFBC}") = "Uni", "Uni\Uni.csproj", "{6B6A6D46-2887-4C7E-9F14-03120FA395FC}"
EndProject
Global
	GlobalSection(SolutionConfigurationPlatforms) = preSolution
		Debug|Any CPU = Debug|Any CPU
		Release|Any CPU = Release|Any CPU
	EndGlobalSection
	GlobalSection(ProjectConfigurationPlatforms) = postSolution
		{6B6A6D46-2887-4C7E-9F14-03120FA395FC}.Debug|Any CPU.ActiveCfg = Debug|Any CPU
		{6B6A6D46-2887-4C7E-9F14-03120FA395FC}.Debug|Any CPU.Build.0 = Debug|Any CPU
		{6B6A6D46-2887-4C7E-9F14-03120FA395FC}.Release|Any CPU.ActiveCfg = Release|Any CPU
		{6B6A6D46-2887-4C7E-9F14-03120FA395FC}.Release|Any CPU.Build.0 = Release|Any CPU
	EndGlobalSection
	GlobalSection(SolutionProperties) = preSolution
		HideSolutionNode = FALSE
	EndGlobalSection
	GlobalSection(ExtensibilityGlobals) = postSolution
		SolutionGuid = {F7BD1674-0633-4B82-8CAF-0F2E4625D671}
	EndGlobalSection
EndGlobal
